
Microsoft Visual Studio Solution File, Format Version 12.00
# Visual Studio Version 16
VisualStudioVersion = 16.0.29215.179
MinimumVisualStudioVersion = 10.0.40219.1
Project("{8BC9CEB8-8B4A-11D0-8D11-00A0C91BC942}") = "ProyectoHospital-CHARLIE", "ProyectoHospital-CHARLIE\ProyectoHospital-CHARLIE.vcxproj", "{89099840-ADF3-444F-9555-FD2A2B602F85}"
EndProject
Global
	GlobalSection(SolutionConfigurationPlatforms) = preSolution
		Debug|x64 = Debug|x64
		Debug|x86 = Debug|x86
		Release|x64 = Release|x64
		Release|x86 = Release|x86
	EndGlobalSection
	GlobalSection(ProjectConfigurationPlatforms) = postSolution
		{89099840-ADF3-444F-9555-FD2A2B602F85}.Debug|x64.ActiveCfg = Debug|x64
		{89099840-ADF3-444F-9555-FD2A2B602F85}.Debug|x64.Build.0 = Debug|x64
		{89099840-ADF3-444F-9555-FD2A2B602F85}.Debug|x86.ActiveCfg = Debug|Win32
		{89099840-ADF3-444F-9555-FD2A2B602F85}.Debug|x86.Build.0 = Debug|Win32
		{89099840-ADF3-444F-9555-FD2A2B602F85}.Release|x64.ActiveCfg = Release|x64
		{89099840-ADF3-444F-9555-FD2A2B602F85}.Release|x64.Build.0 = Release|x64
		{89099840-ADF3-444F-9555-FD2A2B602F85}.Release|x86.ActiveCfg = Release|Win32
		{89099840-ADF3-444F-9555-FD2A2B602F85}.Release|x86.Build.0 = Release|Win32
	EndGlobalSection
	GlobalSection(SolutionProperties) = preSolution
		HideSolutionNode = FALSE
	EndGlobalSection
	GlobalSection(ExtensibilityGlobals) = postSolution
		SolutionGuid = {08CC02EF-052C-44C4-AF00-51043E7E92F7}
	EndGlobalSection
EndGlobal
